
Microsoft Visual Studio Solution File, Format Version 12.00
# Visual Studio 15
VisualStudioVersion = 15.0.28010.2050
MinimumVisualStudioVersion = 10.0.40219.1
Project("{FAE04EC0-301F-11D3-BF4B-00C04F79EFBC}") = "LabAdminDB", "LabAdminDB\LabAdminDB.csproj", "{DCE4C8E2-0BE0-44B3-8A98-AF0E604D6C8D}"
EndProject
Global
	GlobalSection(SolutionConfigurationPlatforms) = preSolution
		Debug|Any CPU = Debug|Any CPU
		Release|Any CPU = Release|Any CPU
	EndGlobalSection
	GlobalSection(ProjectConfigurationPlatforms) = postSolution
		{DCE4C8E2-0BE0-44B3-8A98-AF0E604D6C8D}.Debug|Any CPU.ActiveCfg = Debug|Any CPU
		{DCE4C8E2-0BE0-44B3-8A98-AF0E604D6C8D}.Debug|Any CPU.Build.0 = Debug|Any CPU
		{DCE4C8E2-0BE0-44B3-8A98-AF0E604D6C8D}.Release|Any CPU.ActiveCfg = Release|Any CPU
		{DCE4C8E2-0BE0-44B3-8A98-AF0E604D6C8D}.Release|Any CPU.Build.0 = Release|Any CPU
	EndGlobalSection
	GlobalSection(SolutionProperties) = preSolution
		HideSolutionNode = FALSE
	EndGlobalSection
	GlobalSection(ExtensibilityGlobals) = postSolution
		SolutionGuid = {511FD943-80DB-4B2D-AD6B-44AA35A0576F}
	EndGlobalSection
EndGlobal
